
Microsoft Visual Studio Solution File, Format Version 12.00
# Visual Studio Version 17
VisualStudioVersion = 17.2.32616.157
MinimumVisualStudioVersion = 10.0.40219.1
Project("{FAE04EC0-301F-11D3-BF4B-00C04F79EFBC}") = "TyumenCityTransport", "TyumenCityTransport\TyumenCityTransport.csproj", "{46B5268F-9D0A-42DE-9169-81D5F15B81C6}"
EndProject
Global
	GlobalSection(SolutionConfigurationPlatforms) = preSolution
		Debug|Any CPU = Debug|Any CPU
		Release|Any CPU = Release|Any CPU
	EndGlobalSection
	GlobalSection(ProjectConfigurationPlatforms) = postSolution
		{46B5268F-9D0A-42DE-9169-81D5F15B81C6}.Debug|Any CPU.ActiveCfg = Debug|Any CPU
		{46B5268F-9D0A-42DE-9169-81D5F15B81C6}.Debug|Any CPU.Build.0 = Debug|Any CPU
		{46B5268F-9D0A-42DE-9169-81D5F15B81C6}.Release|Any CPU.ActiveCfg = Release|Any CPU
		{46B5268F-9D0A-42DE-9169-81D5F15B81C6}.Release|Any CPU.Build.0 = Release|Any CPU
	EndGlobalSection
	GlobalSection(SolutionProperties) = preSolution
		HideSolutionNode = FALSE
	EndGlobalSection
	GlobalSection(ExtensibilityGlobals) = postSolution
		SolutionGuid = {FFA47EDE-0FCE-4B1D-99DD-E4EE325A1097}
	EndGlobalSection
EndGlobal
